
Microsoft Visual Studio Solution File, Format Version 12.00
# Visual Studio Version 16
VisualStudioVersion = 16.0.33423.256
MinimumVisualStudioVersion = 10.0.40219.1
Project("{FAE04EC0-301F-11D3-BF4B-00C04F79EFBC}") = "task4", "task4.csproj", "{CDBEE43E-7098-4A9B-B882-493FA8BAE029}"
EndProject
Global
	GlobalSection(SolutionConfigurationPlatforms) = preSolution
		Debug|Any CPU = Debug|Any CPU
		Release|Any CPU = Release|Any CPU
	EndGlobalSection
	GlobalSection(ProjectConfigurationPlatforms) = postSolution
		{CDBEE43E-7098-4A9B-B882-493FA8BAE029}.Debug|Any CPU.ActiveCfg = Debug|Any CPU
		{CDBEE43E-7098-4A9B-B882-493FA8BAE029}.Debug|Any CPU.Build.0 = Debug|Any CPU
		{CDBEE43E-7098-4A9B-B882-493FA8BAE029}.Release|Any CPU.ActiveCfg = Release|Any CPU
		{CDBEE43E-7098-4A9B-B882-493FA8BAE029}.Release|Any CPU.Build.0 = Release|Any CPU
	EndGlobalSection
	GlobalSection(SolutionProperties) = preSolution
		HideSolutionNode = FALSE
	EndGlobalSection
	GlobalSection(ExtensibilityGlobals) = postSolution
		SolutionGuid = {27273B0B-1880-41A6-98CD-B7A529EF714F}
	EndGlobalSection
EndGlobal
